
Microsoft Visual Studio Solution File, Format Version 12.00
# Visual Studio Version 16
VisualStudioVersion = 25.0.1704.4
MinimumVisualStudioVersion = 10.0.40219.1
Project("{FAE04EC0-301F-11D3-BF4B-00C04F79EFBC}") = "Shipwrecked.UI", "Shipwrecked.UI\Shipwrecked.UI.csproj", "{4DD829F0-52A1-4C2E-8C9B-1BA6032759AC}"
EndProject
Project("{FAE04EC0-301F-11D3-BF4B-00C04F79EFBC}") = "Shipwrecked.Domain", "Shipwrecked.Domain\Shipwrecked.Domain.csproj", "{F12B5BB8-7990-4AC2-902E-63EAFA68E195}"
EndProject
Project("{FAE04EC0-301F-11D3-BF4B-00C04F79EFBC}") = "Shipwrecked.Application", "Shipwrecked.Application\Shipwrecked.Application.csproj", "{F489C3B8-F85D-4AD2-8270-8AF85F514FCE}"
EndProject
Project("{FAE04EC0-301F-11D3-BF4B-00C04F79EFBC}") = "Shipwrecked.Infrastructure", "Shipwrecked.Infrastructure\Shipwrecked.Infrastructure.csproj", "{CC2B355B-26AE-4163-8456-FF40D603067D}"
EndProject
Project("{2150E333-8FDC-42A3-9474-1A3956D46DE8}") = "Shipwrecked.Test", "Shipwrecked.Test", "{FFD87BCD-92E8-43C7-AD3C-570FBE6C8684}"
EndProject
Project("{FAE04EC0-301F-11D3-BF4B-00C04F79EFBC}") = "Shipwrecked.Application.Test", "Shipwrecked.Application.Test\Shipwrecked.Application.Test.csproj", "{031B3E96-40E8-4A52-944B-65C9E103F879}"
EndProject
Project("{FAE04EC0-301F-11D3-BF4B-00C04F79EFBC}") = "Shipwrecked.Infrastructure.Test", "Shipwrecked.Infrastructure.Test\Shipwrecked.Infrastructure.Test.csproj", "{ADD607C0-987B-4955-9C8C-52A4FADC4F75}"
EndProject
Project("{FAE04EC0-301F-11D3-BF4B-00C04F79EFBC}") = "Shipwrecked.UI.Test", "Shipwrecked.UI.Test\Shipwrecked.UI.Test.csproj", "{C0C54D6B-95BC-43A7-B24D-109302B9E399}"
EndProject
Project("{FAE04EC0-301F-11D3-BF4B-00C04F79EFBC}") = "Shipwrecked.Test.Shared", "Shipwrecked.Test.Shared\Shipwrecked.Test.Shared.csproj", "{54F8D296-E959-4785-80B3-B1CD955787B6}"
EndProject
Global
	GlobalSection(SolutionConfigurationPlatforms) = preSolution
		Debug|Any CPU = Debug|Any CPU
		Release|Any CPU = Release|Any CPU
	EndGlobalSection
	GlobalSection(ProjectConfigurationPlatforms) = postSolution
		{4DD829F0-52A1-4C2E-8C9B-1BA6032759AC}.Debug|Any CPU.ActiveCfg = Debug|Any CPU
		{4DD829F0-52A1-4C2E-8C9B-1BA6032759AC}.Debug|Any CPU.Build.0 = Debug|Any CPU
		{4DD829F0-52A1-4C2E-8C9B-1BA6032759AC}.Release|Any CPU.ActiveCfg = Release|Any CPU
		{4DD829F0-52A1-4C2E-8C9B-1BA6032759AC}.Release|Any CPU.Build.0 = Release|Any CPU
		{F12B5BB8-7990-4AC2-902E-63EAFA68E195}.Debug|Any CPU.ActiveCfg = Debug|Any CPU
		{F12B5BB8-7990-4AC2-902E-63EAFA68E195}.Debug|Any CPU.Build.0 = Debug|Any CPU
		{F12B5BB8-7990-4AC2-902E-63EAFA68E195}.Release|Any CPU.ActiveCfg = Release|Any CPU
		{F12B5BB8-7990-4AC2-902E-63EAFA68E195}.Release|Any CPU.Build.0 = Release|Any CPU
		{F489C3B8-F85D-4AD2-8270-8AF85F514FCE}.Debug|Any CPU.ActiveCfg = Debug|Any CPU
		{F489C3B8-F85D-4AD2-8270-8AF85F514FCE}.Debug|Any CPU.Build.0 = Debug|Any CPU
		{F489C3B8-F85D-4AD2-8270-8AF85F514FCE}.Release|Any CPU.ActiveCfg = Release|Any CPU
		{F489C3B8-F85D-4AD2-8270-8AF85F514FCE}.Release|Any CPU.Build.0 = Release|Any CPU
		{CC2B355B-26AE-4163-8456-FF40D603067D}.Debug|Any CPU.ActiveCfg = Debug|Any CPU
		{CC2B355B-26AE-4163-8456-FF40D603067D}.Debug|Any CPU.Build.0 = Debug|Any CPU
		{CC2B355B-26AE-4163-8456-FF40D603067D}.Release|Any CPU.ActiveCfg = Release|Any CPU
		{CC2B355B-26AE-4163-8456-FF40D603067D}.Release|Any CPU.Build.0 = Release|Any CPU
		{031B3E96-40E8-4A52-944B-65C9E103F879}.Debug|Any CPU.ActiveCfg = Debug|Any CPU
		{031B3E96-40E8-4A52-944B-65C9E103F879}.Debug|Any CPU.Build.0 = Debug|Any CPU
		{031B3E96-40E8-4A52-944B-65C9E103F879}.Release|Any CPU.ActiveCfg = Release|Any CPU
		{031B3E96-40E8-4A52-944B-65C9E103F879}.Release|Any CPU.Build.0 = Release|Any CPU
		{ADD607C0-987B-4955-9C8C-52A4FADC4F75}.Debug|Any CPU.ActiveCfg = Debug|Any CPU
		{ADD607C0-987B-4955-9C8C-52A4FADC4F75}.Debug|Any CPU.Build.0 = Debug|Any CPU
		{ADD607C0-987B-4955-9C8C-52A4FADC4F75}.Release|Any CPU.ActiveCfg = Release|Any CPU
		{ADD607C0-987B-4955-9C8C-52A4FADC4F75}.Release|Any CPU.Build.0 = Release|Any CPU
		{C0C54D6B-95BC-43A7-B24D-109302B9E399}.Debug|Any CPU.ActiveCfg = Debug|Any CPU
		{C0C54D6B-95BC-43A7-B24D-109302B9E399}.Debug|Any CPU.Build.0 = Debug|Any CPU
		{C0C54D6B-95BC-43A7-B24D-109302B9E399}.Release|Any CPU.ActiveCfg = Release|Any CPU
		{C0C54D6B-95BC-43A7-B24D-109302B9E399}.Release|Any CPU.Build.0 = Release|Any CPU
		{54F8D296-E959-4785-80B3-B1CD955787B6}.Debug|Any CPU.ActiveCfg = Debug|Any CPU
		{54F8D296-E959-4785-80B3-B1CD955787B6}.Debug|Any CPU.Build.0 = Debug|Any CPU
		{54F8D296-E959-4785-80B3-B1CD955787B6}.Release|Any CPU.ActiveCfg = Release|Any CPU
		{54F8D296-E959-4785-80B3-B1CD955787B6}.Release|Any CPU.Build.0 = Release|Any CPU
	EndGlobalSection
	GlobalSection(SolutionProperties) = preSolution
		HideSolutionNode = FALSE
	EndGlobalSection
	GlobalSection(ExtensibilityGlobals) = postSolution
		SolutionGuid = {2FDE0A1E-6E3B-464E-90B9-0103036C1C08}
	EndGlobalSection
	GlobalSection(NestedProjects) = preSolution
		{031B3E96-40E8-4A52-944B-65C9E103F879} = {FFD87BCD-92E8-43C7-AD3C-570FBE6C8684}
		{ADD607C0-987B-4955-9C8C-52A4FADC4F75} = {FFD87BCD-92E8-43C7-AD3C-570FBE6C8684}
		{C0C54D6B-95BC-43A7-B24D-109302B9E399} = {FFD87BCD-92E8-43C7-AD3C-570FBE6C8684}
		{54F8D296-E959-4785-80B3-B1CD955787B6} = {FFD87BCD-92E8-43C7-AD3C-570FBE6C8684}
	EndGlobalSection
EndGlobal
